
Microsoft Visual Studio Solution File, Format Version 12.00
# Visual Studio Version 16
VisualStudioVersion = 16.0.29911.84
MinimumVisualStudioVersion = 10.0.40219.1
Project("{FAE04EC0-301F-11D3-BF4B-00C04F79EFBC}") = "tipoparcial", "tipoparcial\tipoparcial.csproj", "{80309078-9A15-4253-814B-69C07256499B}"
EndProject
Project("{FAE04EC0-301F-11D3-BF4B-00C04F79EFBC}") = "tipoparcial.Tests", "tipoparcial.Tests\tipoparcial.Tests.csproj", "{7BFB9D02-A292-4F9D-9E78-2954F991541A}"
EndProject
Global
	GlobalSection(SolutionConfigurationPlatforms) = preSolution
		Debug|Any CPU = Debug|Any CPU
		Release|Any CPU = Release|Any CPU
	EndGlobalSection
	GlobalSection(ProjectConfigurationPlatforms) = postSolution
		{80309078-9A15-4253-814B-69C07256499B}.Debug|Any CPU.ActiveCfg = Debug|Any CPU
		{80309078-9A15-4253-814B-69C07256499B}.Debug|Any CPU.Build.0 = Debug|Any CPU
		{80309078-9A15-4253-814B-69C07256499B}.Release|Any CPU.ActiveCfg = Release|Any CPU
		{80309078-9A15-4253-814B-69C07256499B}.Release|Any CPU.Build.0 = Release|Any CPU
		{7BFB9D02-A292-4F9D-9E78-2954F991541A}.Debug|Any CPU.ActiveCfg = Debug|Any CPU
		{7BFB9D02-A292-4F9D-9E78-2954F991541A}.Debug|Any CPU.Build.0 = Debug|Any CPU
		{7BFB9D02-A292-4F9D-9E78-2954F991541A}.Release|Any CPU.ActiveCfg = Release|Any CPU
		{7BFB9D02-A292-4F9D-9E78-2954F991541A}.Release|Any CPU.Build.0 = Release|Any CPU
	EndGlobalSection
	GlobalSection(SolutionProperties) = preSolution
		HideSolutionNode = FALSE
	EndGlobalSection
	GlobalSection(ExtensibilityGlobals) = postSolution
		SolutionGuid = {E603A23B-D096-45CC-9FE9-B6E0CB88F1E3}
	EndGlobalSection
EndGlobal
